# THIS IS AN AUTOGENERATED FILE. DO NOT EDIT THIS FILE DIRECTLY.
# yarn lockfile v1


autoprefixer@^10.4.0:
  version "10.4.0"
  resolved "https://registry.yarnpkg.com/autoprefixer/-/autoprefixer-10.4.0.tgz#c3577eb32a1079a440ec253e404eaf1eb21388c8"
  integrity sha512-7FdJ1ONtwzV1G43GDD0kpVMn/qbiNqyOPMFTX5nRffI+7vgWoFEc6DcXOxHJxrWNDXrZh18eDsZjvZGUljSRGA==
  dependencies:
    browserslist "^4.17.5"
    caniuse-lite "^1.0.30001272"
    fraction.js "^4.1.1"
    normalize-range "^0.1.2"
    picocolors "^1.0.0"
    postcss-value-parser "^4.1.0"

balanced-match@^1.0.0:
  version "1.0.2"
  resolved "https://registry.yarnpkg.com/balanced-match/-/balanced-match-1.0.2.tgz#e83e3a7e3f300b34cb9d87f615fa0cbf357690ee"
  integrity sha512-3oSeUO0TMV67hN1AmbXsK4yaqU7tjiHlbxRDZOpH0KW9+CeX4bRAaX0Anxt0tx2MrpRpWwQaPwIlISEJhYU5Pw==

browserslist@^4.17.5, browserslist@^4.19.1:
  version "4.19.1"
  resolved "https://registry.yarnpkg.com/browserslist/-/browserslist-4.19.1.tgz#4ac0435b35ab655896c31d53018b6dd5e9e4c9a3"
  integrity sha512-u2tbbG5PdKRTUoctO3NBD8FQ5HdPh1ZXPHzp1rwaa5jTc+RV9/+RlWiAIKmjRPQF+xbGM9Kklj5bZQFa2s/38A==
  dependencies:
    caniuse-lite "^1.0.30001286"
    electron-to-chromium "^1.4.17"
    escalade "^3.1.1"
    node-releases "^2.0.1"
    picocolors "^1.0.0"

caniuse-lite@^1.0.30001272, caniuse-lite@^1.0.30001286, caniuse-lite@^1.0.30001291:
  version "1.0.30001292"
  resolved "https://registry.yarnpkg.com/caniuse-lite/-/caniuse-lite-1.0.30001292.tgz#4a55f61c06abc9595965cfd77897dc7bc1cdc456"
  integrity sha512-jnT4Tq0Q4ma+6nncYQVe7d73kmDmE9C3OGTx3MvW7lBM/eY1S1DZTMBON7dqV481RhNiS5OxD7k9JQvmDOTirw==

css-blank-pseudo@^3.0.0:
  version "3.0.0"
  resolved "https://registry.yarnpkg.com/css-blank-pseudo/-/css-blank-pseudo-3.0.0.tgz#c40a428886b600ee8a1622231f6cb22c13518d9e"
  integrity sha512-lBG90FEc4A2lZeRoFkJHYnJlQFgR49hTo3E8HA6oGN+mN66EIslimxtcAYx4xlkBR0c3eNCOjqQ2ACHaav+7Qw==
  dependencies:
    postcss-selector-parser "^6.0.7"

css-has-pseudo@^3.0.0:
  version "3.0.0"
  resolved "https://registry.yarnpkg.com/css-has-pseudo/-/css-has-pseudo-3.0.0.tgz#f791f2d578557b22e60842e06d630bd8b8b1a9d3"
  integrity sha512-1LlqZebDVJXvLPP0RZ8U1jrpFEHWqttBlWz46PVNN6tD65O3IgooDkGEAhfhHTJUGHJHrXzH+ANIC0/1bD9l+A==
  dependencies:
    postcss-selector-parser "^6.0.7"

css-prefers-color-scheme@^6.0.0:
  version "6.0.0"
  resolved "https://registry.yarnpkg.com/css-prefers-color-scheme/-/css-prefers-color-scheme-6.0.0.tgz#f4742655bacfcb79503ee797b32a088e1bcaf4e9"
  integrity sha512-Ko2uKO81GbDgV1DG0OywofFy8Oz3/beGryi3ohmXAGo3duZI2HCz6MCQq85WdiKhWE7N3pMjUByIh137Xp5v6g==

cssdb@^5.0.0:
  version "5.0.0"
  resolved "https://registry.yarnpkg.com/cssdb/-/cssdb-5.0.0.tgz#96db23e70dda3d03a32346de611f0e79fee68b7f"
  integrity sha512-Q7982SynYCtcLUBCPgUPFy2TZmDiFyimpdln8K2v4w2c07W4rXL7q5F1ksVAqOAQfxKyyUGCKSsioezKT5bU1Q==

cssesc@^3.0.0:
  version "3.0.0"
  resolved "https://registry.yarnpkg.com/cssesc/-/cssesc-3.0.0.tgz#37741919903b868565e1c09ea747445cd18983ee"
  integrity sha512-/Tb/JcjK111nNScGob5MNtsntNM1aCNUDipB/TkwZFhyDrrE47SOx/18wF2bbjgc3ZzCSKW1T5nt5EbFoAz/Vg==

electron-to-chromium@^1.4.17:
  version "1.4.28"
  resolved "https://registry.yarnpkg.com/electron-to-chromium/-/electron-to-chromium-1.4.28.tgz#fef0e92e281df6d568f482d8d53c34ca5374de48"
  integrity sha512-Gzbf0wUtKfyPaqf0Plz+Ctinf9eQIzxEqBHwSvbGfeOm9GMNdLxyu1dNiCUfM+x6r4BE0xUJNh3Nmg9gfAtTmg==

esbuild-android-arm64@0.13.15:
  version "0.13.15"
  resolved "https://registry.yarnpkg.com/esbuild-android-arm64/-/esbuild-android-arm64-0.13.15.tgz#3fc3ff0bab76fe35dd237476b5d2b32bb20a3d44"
  integrity sha512-m602nft/XXeO8YQPUDVoHfjyRVPdPgjyyXOxZ44MK/agewFFkPa8tUo6lAzSWh5Ui5PB4KR9UIFTSBKh/RrCmg==

esbuild-darwin-64@0.13.15:
  version "0.13.15"
  resolved "https://registry.yarnpkg.com/esbuild-darwin-64/-/esbuild-darwin-64-0.13.15.tgz#8e9169c16baf444eacec60d09b24d11b255a8e72"
  integrity sha512-ihOQRGs2yyp7t5bArCwnvn2Atr6X4axqPpEdCFPVp7iUj4cVSdisgvEKdNR7yH3JDjW6aQDw40iQFoTqejqxvQ==

esbuild-darwin-arm64@0.13.15:
  version "0.13.15"
  resolved "https://registry.yarnpkg.com/esbuild-darwin-arm64/-/esbuild-darwin-arm64-0.13.15.tgz#1b07f893b632114f805e188ddfca41b2b778229a"
  integrity sha512-i1FZssTVxUqNlJ6cBTj5YQj4imWy3m49RZRnHhLpefFIh0To05ow9DTrXROTE1urGTQCloFUXTX8QfGJy1P8dQ==

esbuild-freebsd-64@0.13.15:
  version "0.13.15"
  resolved "https://registry.yarnpkg.com/esbuild-freebsd-64/-/esbuild-freebsd-64-0.13.15.tgz#0b8b7eca1690c8ec94c75680c38c07269c1f4a85"
  integrity sha512-G3dLBXUI6lC6Z09/x+WtXBXbOYQZ0E8TDBqvn7aMaOCzryJs8LyVXKY4CPnHFXZAbSwkCbqiPuSQ1+HhrNk7EA==

esbuild-freebsd-arm64@0.13.15:
  version "0.13.15"
  resolved "https://registry.yarnpkg.com/esbuild-freebsd-arm64/-/esbuild-freebsd-arm64-0.13.15.tgz#2e1a6c696bfdcd20a99578b76350b41db1934e52"
  integrity sha512-KJx0fzEDf1uhNOZQStV4ujg30WlnwqUASaGSFPhznLM/bbheu9HhqZ6mJJZM32lkyfGJikw0jg7v3S0oAvtvQQ==

esbuild-linux-32@0.13.15:
  version "0.13.15"
  resolved "https://registry.yarnpkg.com/esbuild-linux-32/-/esbuild-linux-32-0.13.15.tgz#6fd39f36fc66dd45b6b5f515728c7bbebc342a69"
  integrity sha512-ZvTBPk0YWCLMCXiFmD5EUtB30zIPvC5Itxz0mdTu/xZBbbHJftQgLWY49wEPSn2T/TxahYCRDWun5smRa0Tu+g==

esbuild-linux-64@0.13.15:
  version "0.13.15"
  resolved "https://registry.yarnpkg.com/esbuild-linux-64/-/esbuild-linux-64-0.13.15.tgz#9cb8e4bcd7574e67946e4ee5f1f1e12386bb6dd3"
  integrity sha512-eCKzkNSLywNeQTRBxJRQ0jxRCl2YWdMB3+PkWFo2BBQYC5mISLIVIjThNtn6HUNqua1pnvgP5xX0nHbZbPj5oA==

esbuild-linux-arm64@0.13.15:
  version "0.13.15"
  resolved "https://registry.yarnpkg.com/esbuild-linux-arm64/-/esbuild-linux-arm64-0.13.15.tgz#3891aa3704ec579a1b92d2a586122e5b6a2bfba1"
  integrity sha512-bYpuUlN6qYU9slzr/ltyLTR9YTBS7qUDymO8SV7kjeNext61OdmqFAzuVZom+OLW1HPHseBfJ/JfdSlx8oTUoA==

esbuild-linux-arm@0.13.15:
  version "0.13.15"
  resolved "https://registry.yarnpkg.com/esbuild-linux-arm/-/esbuild-linux-arm-0.13.15.tgz#8a00e99e6a0c6c9a6b7f334841364d8a2b4aecfe"
  integrity sha512-wUHttDi/ol0tD8ZgUMDH8Ef7IbDX+/UsWJOXaAyTdkT7Yy9ZBqPg8bgB/Dn3CZ9SBpNieozrPRHm0BGww7W/jA==

esbuild-linux-mips64le@0.13.15:
  version "0.13.15"
  resolved "https://registry.yarnpkg.com/esbuild-linux-mips64le/-/esbuild-linux-mips64le-0.13.15.tgz#36b07cc47c3d21e48db3bb1f4d9ef8f46aead4f7"
  integrity sha512-KlVjIG828uFPyJkO/8gKwy9RbXhCEUeFsCGOJBepUlpa7G8/SeZgncUEz/tOOUJTcWMTmFMtdd3GElGyAtbSWg==

esbuild-linux-ppc64le@0.13.15:
  version "0.13.15"
  resolved "https://registry.yarnpkg.com/esbuild-linux-ppc64le/-/esbuild-linux-ppc64le-0.13.15.tgz#f7e6bba40b9a11eb9dcae5b01550ea04670edad2"
  integrity sha512-h6gYF+OsaqEuBjeesTBtUPw0bmiDu7eAeuc2OEH9S6mV9/jPhPdhOWzdeshb0BskRZxPhxPOjqZ+/OqLcxQwEQ==

esbuild-netbsd-64@0.13.15:
  version "0.13.15"
  resolved "https://registry.yarnpkg.com/esbuild-netbsd-64/-/esbuild-netbsd-64-0.13.15.tgz#a2fedc549c2b629d580a732d840712b08d440038"
  integrity sha512-3+yE9emwoevLMyvu+iR3rsa+Xwhie7ZEHMGDQ6dkqP/ndFzRHkobHUKTe+NCApSqG5ce2z4rFu+NX/UHnxlh3w==

esbuild-openbsd-64@0.13.15:
  version "0.13.15"
  resolved "https://registry.yarnpkg.com/esbuild-openbsd-64/-/esbuild-openbsd-64-0.13.15.tgz#b22c0e5806d3a1fbf0325872037f885306b05cd7"
  integrity sha512-wTfvtwYJYAFL1fSs8yHIdf5GEE4NkbtbXtjLWjM3Cw8mmQKqsg8kTiqJ9NJQe5NX/5Qlo7Xd9r1yKMMkHllp5g==

esbuild-sunos-64@0.13.15:
  version "0.13.15"
  resolved "https://registry.yarnpkg.com/esbuild-sunos-64/-/esbuild-sunos-64-0.13.15.tgz#d0b6454a88375ee8d3964daeff55c85c91c7cef4"
  integrity sha512-lbivT9Bx3t1iWWrSnGyBP9ODriEvWDRiweAs69vI+miJoeKwHWOComSRukttbuzjZ8r1q0mQJ8Z7yUsDJ3hKdw==

esbuild-windows-32@0.13.15:
  version "0.13.15"
  resolved "https://registry.yarnpkg.com/esbuild-windows-32/-/esbuild-windows-32-0.13.15.tgz#c96d0b9bbb52f3303322582ef8e4847c5ad375a7"
  integrity sha512-fDMEf2g3SsJ599MBr50cY5ve5lP1wyVwTe6aLJsM01KtxyKkB4UT+fc5MXQFn3RLrAIAZOG+tHC+yXObpSn7Nw==

esbuild-windows-64@0.13.15:
  version "0.13.15"
  resolved "https://registry.yarnpkg.com/esbuild-windows-64/-/esbuild-windows-64-0.13.15.tgz#1f79cb9b1e1bb02fb25cd414cb90d4ea2892c294"
  integrity sha512-9aMsPRGDWCd3bGjUIKG/ZOJPKsiztlxl/Q3C1XDswO6eNX/Jtwu4M+jb6YDH9hRSUflQWX0XKAfWzgy5Wk54JQ==

esbuild-windows-arm64@0.13.15:
  version "0.13.15"
  resolved "https://registry.yarnpkg.com/esbuild-windows-arm64/-/esbuild-windows-arm64-0.13.15.tgz#482173070810df22a752c686509c370c3be3b3c3"
  integrity sha512-zzvyCVVpbwQQATaf3IG8mu1IwGEiDxKkYUdA4FpoCHi1KtPa13jeScYDjlW0Qh+ebWzpKfR2ZwvqAQkSWNcKjA==

esbuild@^0.13.12:
  version "0.13.15"
  resolved "https://registry.yarnpkg.com/esbuild/-/esbuild-0.13.15.tgz#db56a88166ee373f87dbb2d8798ff449e0450cdf"
  integrity sha512-raCxt02HBKv8RJxE8vkTSCXGIyKHdEdGfUmiYb8wnabnaEmHzyW7DCHb5tEN0xU8ryqg5xw54mcwnYkC4x3AIw==
  optionalDependencies:
    esbuild-android-arm64 "0.13.15"
    esbuild-darwin-64 "0.13.15"
    esbuild-darwin-arm64 "0.13.15"
    esbuild-freebsd-64 "0.13.15"
    esbuild-freebsd-arm64 "0.13.15"
    esbuild-linux-32 "0.13.15"
    esbuild-linux-64 "0.13.15"
    esbuild-linux-arm "0.13.15"
    esbuild-linux-arm64 "0.13.15"
    esbuild-linux-mips64le "0.13.15"
    esbuild-linux-ppc64le "0.13.15"
    esbuild-netbsd-64 "0.13.15"
    esbuild-openbsd-64 "0.13.15"
    esbuild-sunos-64 "0.13.15"
    esbuild-windows-32 "0.13.15"
    esbuild-windows-64 "0.13.15"
    esbuild-windows-arm64 "0.13.15"

escalade@^3.1.1:
  version "3.1.1"
  resolved "https://registry.yarnpkg.com/escalade/-/escalade-3.1.1.tgz#d8cfdc7000965c5a0174b4a82eaa5c0552742e40"
  integrity sha512-k0er2gUkLf8O0zKJiAhmkTnJlTvINGv7ygDNPbeIsX/TJjGJZHuh9B2UxbsaEkmlEo9MfhrSzmhIlhRlI2GXnw==

fraction.js@^4.1.1:
  version "4.1.2"
  resolved "https://registry.yarnpkg.com/fraction.js/-/fraction.js-4.1.2.tgz#13e420a92422b6cf244dff8690ed89401029fbe8"
  integrity sha512-o2RiJQ6DZaR/5+Si0qJUIy637QMRudSi9kU/FFzx9EZazrIdnBgpU+3sEWCxAVhH2RtxW2Oz+T4p2o8uOPVcgA==

fsevents@~2.3.2:
  version "2.3.2"
  resolved "https://registry.yarnpkg.com/fsevents/-/fsevents-2.3.2.tgz#8a526f78b8fdf4623b709e0b975c52c24c02fd1a"
  integrity sha512-xiqMQR4xAeHTuB9uWm+fFRcIOgKBMiOBP+eXiyT7jsgVCq1bkVygt00oASowB7EdtpOHaaPgKt812P9ab+DDKA==

function-bind@^1.1.1:
  version "1.1.1"
  resolved "https://registry.yarnpkg.com/function-bind/-/function-bind-1.1.1.tgz#a56899d3ea3c9bab874bb9773b7c5ede92f4895d"
  integrity sha512-yIovAzMX49sF8Yl58fSCWJ5svSLuaibPxXQJFLmBObTuCr0Mf1KiPopGM9NiFjiYBCbfaa2Fh6breQ6ANVTI0A==

has@^1.0.3:
  version "1.0.3"
  resolved "https://registry.yarnpkg.com/has/-/has-1.0.3.tgz#722d7cbfc1f6aa8241f16dd814e011e1f41e8796"
  integrity sha512-f2dvO0VU6Oej7RkWJGrehjbzMAjFp5/VKPp5tTpWIV4JHHZK1/BxbFRtf/siA2SWTe09caDmVtYYzWEIbBS4zw==
  dependencies:
    function-bind "^1.1.1"

is-core-module@^2.2.0:
  version "2.8.0"
  resolved "https://registry.yarnpkg.com/is-core-module/-/is-core-module-2.8.0.tgz#0321336c3d0925e497fd97f5d95cb114a5ccd548"
  integrity sha512-vd15qHsaqrRL7dtH6QNuy0ndJmRDrS9HAM1CAiSifNUFv4x1a0CCVsj18hJ1mShxIG6T2i1sO78MkP56r0nYRw==
  dependencies:
    has "^1.0.3"

lil-gui@^0.15.0:
  version "0.15.0"
  resolved "https://registry.yarnpkg.com/lil-gui/-/lil-gui-0.15.0.tgz#18f50bccbbf7ab59fdf12840031d6ba113e9e729"
  integrity sha512-S2KJSkudOHpw30wry2vrFVgcI+2W1nUIhSRUDhJJK7Mbs7jaMbTVd4ayKuSfarzx8ZonTS8xOxx40NmsF44tAw==

nanoid@^3.1.30:
  version "3.1.30"
  resolved "https://registry.yarnpkg.com/nanoid/-/nanoid-3.1.30.tgz#63f93cc548d2a113dc5dfbc63bfa09e2b9b64362"
  integrity sha512-zJpuPDwOv8D2zq2WRoMe1HsfZthVewpel9CAvTfc/2mBD1uUT/agc5f7GHGWXlYkFvi1mVxe4IjvP2HNrop7nQ==

node-releases@^2.0.1:
  version "2.0.1"
  resolved "https://registry.yarnpkg.com/node-releases/-/node-releases-2.0.1.tgz#3d1d395f204f1f2f29a54358b9fb678765ad2fc5"
  integrity sha512-CqyzN6z7Q6aMeF/ktcMVTzhAHCEpf8SOarwpzpf8pNBY2k5/oM34UHldUwp8VKI7uxct2HxSRdJjBaZeESzcxA==

normalize-range@^0.1.2:
  version "0.1.2"
  resolved "https://registry.yarnpkg.com/normalize-range/-/normalize-range-0.1.2.tgz#2d10c06bdfd312ea9777695a4d28439456b75942"
  integrity sha1-LRDAa9/TEuqXd2laTShDlFa3WUI=

path-parse@^1.0.6:
  version "1.0.7"
  resolved "https://registry.yarnpkg.com/path-parse/-/path-parse-1.0.7.tgz#fbc114b60ca42b30d9daf5858e4bd68bbedb6735"
  integrity sha512-LDJzPVEEEPR+y48z93A0Ed0yXb8pAByGWo/k5YYdYgpY2/2EsOsksJrq7lOHxryrVOn1ejG6oAp8ahvOIQD8sw==

picocolors@^1.0.0:
  version "1.0.0"
  resolved "https://registry.yarnpkg.com/picocolors/-/picocolors-1.0.0.tgz#cb5bdc74ff3f51892236eaf79d68bc44564ab81c"
  integrity sha512-1fygroTLlHu66zi26VoTDv8yRgm0Fccecssto+MhsZ0D/DGW2sm8E8AjW7NU5VVTRt5GxbeZ5qBuJr+HyLYkjQ==

pify@^2.3.0:
  version "2.3.0"
  resolved "https://registry.yarnpkg.com/pify/-/pify-2.3.0.tgz#ed141a6ac043a849ea588498e7dca8b15330e90c"
  integrity sha1-7RQaasBDqEnqWISY59yosVMw6Qw=

postcss-attribute-case-insensitive@^5.0.0:
  version "5.0.0"
  resolved "https://registry.yarnpkg.com/postcss-attribute-case-insensitive/-/postcss-attribute-case-insensitive-5.0.0.tgz#39cbf6babf3ded1e4abf37d09d6eda21c644105c"
  integrity sha512-b4g9eagFGq9T5SWX4+USfVyjIb3liPnjhHHRMP7FMB2kFVpYyfEscV0wP3eaXhKlcHKUut8lt5BGoeylWA/dBQ==
  dependencies:
    postcss-selector-parser "^6.0.2"

postcss-color-functional-notation@^4.1.0:
  version "4.1.0"
  resolved "https://registry.yarnpkg.com/postcss-color-functional-notation/-/postcss-color-functional-notation-4.1.0.tgz#4593ea50d61f1a8bd55fa8c165304badd6383433"
  integrity sha512-bBB64p3Fzo0DaxGfVp6ELRjOx+MysN1DlvkWtXwZr25i8SZLAEL+QAV6ttX5iraN+e3fdCxaVm7sHobNyy6qug==
  dependencies:
    postcss-value-parser "^4.2.0"

postcss-color-hex-alpha@^8.0.1:
  version "8.0.1"
  resolved "https://registry.yarnpkg.com/postcss-color-hex-alpha/-/postcss-color-hex-alpha-8.0.1.tgz#ba0fbc4246a92c51a23b7ecbf66f7d9a956d246c"
  integrity sha512-kzp95xRLSFnFdmVIWwbWa3QohE3v/G/wNBvW4U66Lt4wq119I6Bz1EVErrARWZ5+7HskgQ6M4mpiwjo+jOdApA==
  dependencies:
    postcss-value-parser "^4.2.0"

postcss-color-rebeccapurple@^7.0.1:
  version "7.0.1"
  resolved "https://registry.yarnpkg.com/postcss-color-rebeccapurple/-/postcss-color-rebeccapurple-7.0.1.tgz#59a9f5493dd7912079eac2aaeebccb076a6abdf8"
  integrity sha512-uA5MAOoCwCK32VgYXWwPD3vBDDOi1oMOkLnO+U1Af6ex7JOE0xHVJqnc9w5QS+fPJ9yveXeHKVtdVqzP2WiCsQ==
  dependencies:
    postcss-value-parser "^4.2.0"

postcss-custom-media@^8.0.0:
  version "8.0.0"
  resolved "https://registry.yarnpkg.com/postcss-custom-media/-/postcss-custom-media-8.0.0.tgz#1be6aff8be7dc9bf1fe014bde3b71b92bb4552f1"
  integrity sha512-FvO2GzMUaTN0t1fBULDeIvxr5IvbDXcIatt6pnJghc736nqNgsGao5NT+5+WVLAQiTt6Cb3YUms0jiPaXhL//g==

postcss-custom-properties@^12.0.1:
  version "12.0.1"
  resolved "https://registry.yarnpkg.com/postcss-custom-properties/-/postcss-custom-properties-12.0.1.tgz#9aab8686e73a899de9440ce27cc10595ad3b0e22"
  integrity sha512-Z3WjuML7qn6ehesWD4vDqOmM5CZO/qfVknpI9/gDOwMNhcLg3OSgT5wENR4kFDZtCricAE7cxL97bsj5lFnuZQ==
  dependencies:
    postcss-value-parser "^4.2.0"

postcss-custom-selectors@^6.0.0:
  version "6.0.0"
  resolved "https://registry.yarnpkg.com/postcss-custom-selectors/-/postcss-custom-selectors-6.0.0.tgz#022839e41fbf71c47ae6e316cb0e6213012df5ef"
  integrity sha512-/1iyBhz/W8jUepjGyu7V1OPcGbc636snN1yXEQCinb6Bwt7KxsiU7/bLQlp8GwAXzCh7cobBU5odNn/2zQWR8Q==
  dependencies:
    postcss-selector-parser "^6.0.4"

postcss-dir-pseudo-class@^6.0.1:
  version "6.0.1"
  resolved "https://registry.yarnpkg.com/postcss-dir-pseudo-class/-/postcss-dir-pseudo-class-6.0.1.tgz#90958de910870b9c20bff4279a0b74d54c880224"
  integrity sha512-nA6+XVUc5VDe6LrJ5KWFqJ05dxZXzoYiUQJFZSuwLW/8aI462w7gCEhB+RnOA+N3dtrj8B2WTSfcjCac6RJW0A==
  dependencies:
    postcss-selector-parser "^6.0.7"

postcss-double-position-gradients@^3.0.3:
  version "3.0.3"
  resolved "https://registry.yarnpkg.com/postcss-double-position-gradients/-/postcss-double-position-gradients-3.0.3.tgz#4c528dacfe3b7a52ea99665866912072184322b0"
  integrity sha512-x3DYDhCsKS/sjH6t+sM9R+pq4lCwdHGVeUOpE/gDybfY33acJJie+NzRigKJVze7E/jH/1WGl/qPRV90Lso7Mg==
  dependencies:
    postcss-value-parser "^4.2.0"

postcss-env-function@^4.0.3:
  version "4.0.3"
  resolved "https://registry.yarnpkg.com/postcss-env-function/-/postcss-env-function-4.0.3.tgz#cd56e3898d87b69c35d9b44b1df050a59757b803"
  integrity sha512-RQ0CwXX161FLuC525Lx7VqsHXSPQvgErgOMcbfuAKPq1hgHDPJLemowVaPuWF4E3IO8rgUbStaRLGTM5VlN/vw==
  dependencies:
    postcss-value-parser "^4.2.0"

postcss-focus-visible@^6.0.2:
  version "6.0.2"
  resolved "https://registry.yarnpkg.com/postcss-focus-visible/-/postcss-focus-visible-6.0.2.tgz#b5034899d098c26c68e6f901e2674c88ee1aaede"
  integrity sha512-KYztrdQRRr+pPJQRAyr9HAEr8I8TUfpSyqOo8qddrjtMLap7Ud1FAF8szi4ZWrhMmch3EwL4RQMqsneOByWZIA==
  dependencies:
    postcss-selector-parser "^6.0.7"

postcss-focus-within@^5.0.2:
  version "5.0.2"
  resolved "https://registry.yarnpkg.com/postcss-focus-within/-/postcss-focus-within-5.0.2.tgz#ba9229b68c03ad65aa4ead81ca29717b5b4dbf62"
  integrity sha512-0zm8gM/fpFZtWM8drbj5M6HKVztHgLqtHygCMB494SOkudtnePpq5nv0ie2Jx/BrD+A5nhj0uK3tuMnEpjKonA==
  dependencies:
    postcss-selector-parser "^6.0.7"

postcss-font-variant@^5.0.0:
  version "5.0.0"
  resolved "https://registry.yarnpkg.com/postcss-font-variant/-/postcss-font-variant-5.0.0.tgz#efd59b4b7ea8bb06127f2d031bfbb7f24d32fa66"
  integrity sha512-1fmkBaCALD72CK2a9i468mA/+tr9/1cBxRRMXOUaZqO43oWPR5imcyPjXwuv7PXbCid4ndlP5zWhidQVVa3hmA==

postcss-gap-properties@^3.0.1:
  version "3.0.1"
  resolved "https://registry.yarnpkg.com/postcss-gap-properties/-/postcss-gap-properties-3.0.1.tgz#c663a2f116d980d8901f33c583e7205109acc87f"
  integrity sha512-t7ztwUmG17KQRTHDWeekeSQ41ZsjYK+OJagee3E3hFS46n9RD5QcT/NRxwbc2DWjVSL5GQf46al3wEiH6FRSKg==

postcss-image-set-function@^4.0.3:
  version "4.0.3"
  resolved "https://registry.yarnpkg.com/postcss-image-set-function/-/postcss-image-set-function-4.0.3.tgz#1be9324adf679226980c554542ea3fe5d056856f"
  integrity sha512-+EZRaCg/MzsKW2ggTy26mG/uoHnEAjCcGICCkUYgg2PPguZaRjSBKY4KHiWcdH6ydsR7enlnO3i7bQ+Fpbx7vQ==
  dependencies:
    postcss-value-parser "^4.2.0"

postcss-import@^14.0.2:
  version "14.0.2"
  resolved "https://registry.yarnpkg.com/postcss-import/-/postcss-import-14.0.2.tgz#60eff77e6be92e7b67fe469ec797d9424cae1aa1"
  integrity sha512-BJ2pVK4KhUyMcqjuKs9RijV5tatNzNa73e/32aBVE/ejYPe37iH+6vAu9WvqUkB5OAYgLHzbSvzHnorybJCm9g==
  dependencies:
    postcss-value-parser "^4.0.0"
    read-cache "^1.0.0"
    resolve "^1.1.7"

postcss-initial@^4.0.1:
  version "4.0.1"
  resolved "https://registry.yarnpkg.com/postcss-initial/-/postcss-initial-4.0.1.tgz#529f735f72c5724a0fb30527df6fb7ac54d7de42"
  integrity sha512-0ueD7rPqX8Pn1xJIjay0AZeIuDoF+V+VvMt/uOnn+4ezUKhZM/NokDeP6DwMNyIoYByuN/94IQnt5FEkaN59xQ==

postcss-lab-function@^4.0.2:
  version "4.0.2"
  resolved "https://registry.yarnpkg.com/postcss-lab-function/-/postcss-lab-function-4.0.2.tgz#6b91acb5f44e3ddc283c2c593b8858e5c261bda4"
  integrity sha512-IkX1S1CROQF9uCu5F4/Ib5SRFDJXlJg3ig9x4OJkKIF16y0o7WRKfFje2ym+yThfwYjozwHZgf37Xwbnscpipg==
  dependencies:
    postcss-value-parser "^4.2.0"

postcss-logical@^5.0.1:
  version "5.0.1"
  resolved "https://registry.yarnpkg.com/postcss-logical/-/postcss-logical-5.0.1.tgz#48dcdfca520d00ac5a450289d37d5db8f532de70"
  integrity sha512-cKekWCoZrxdQktbj8PyCOqQWxsYAPyHjoeBPedkQzfWuEqRm0KVFRHypsHAiH2dDVUae52yx8PBtWS+V3BqT5w==

postcss-media-minmax@^5.0.0:
  version "5.0.0"
  resolved "https://registry.yarnpkg.com/postcss-media-minmax/-/postcss-media-minmax-5.0.0.tgz#7140bddec173e2d6d657edbd8554a55794e2a5b5"
  integrity sha512-yDUvFf9QdFZTuCUg0g0uNSHVlJ5X1lSzDZjPSFaiCWvjgsvu8vEVxtahPrLMinIDEEGnx6cBe6iqdx5YWz08wQ==

postcss-nesting@^10.0.3:
  version "10.1.0"
  resolved "https://registry.yarnpkg.com/postcss-nesting/-/postcss-nesting-10.1.0.tgz#4e3deab5b18cd443495cf6be818ab758a9c3d71d"
  integrity sha512-HQ8kc/kLid2YjTOjlUC2Lk9JCGTJ/WDqRtEbJWWTQNs0KObgp3a1DFQhS19toVK8d/2q2YmVasjdQaWqZhotPg==
  dependencies:
    postcss-selector-parser "^6.0.7"

postcss-overflow-shorthand@^3.0.1:
  version "3.0.1"
  resolved "https://registry.yarnpkg.com/postcss-overflow-shorthand/-/postcss-overflow-shorthand-3.0.1.tgz#d0d0a9e2bbf3428a31e0a9d81e4a0dc1164ce356"
  integrity sha512-/ajDNoTF+LiuhIZjenjb/ndBoKP/WYy/dTT8BCCtLU1wrezkax+lXw5r3c5qR4cadNNMbksAnhWJXNjd9xNTHA==

postcss-page-break@^3.0.4:
  version "3.0.4"
  resolved "https://registry.yarnpkg.com/postcss-page-break/-/postcss-page-break-3.0.4.tgz#7fbf741c233621622b68d435babfb70dd8c1ee5f"
  integrity sha512-1JGu8oCjVXLa9q9rFTo4MbeeA5FMe00/9C7lN4va606Rdb+HkxXtXsmEDrIraQ11fGz/WvKWa8gMuCKkrXpTsQ==

postcss-place@^7.0.2:
  version "7.0.2"
  resolved "https://registry.yarnpkg.com/postcss-place/-/postcss-place-7.0.2.tgz#f54e971a348e8fa76d65d94420a83302fc9416e1"
  integrity sha512-XsZCU8X8M9dHKGlxdycihxPajSkRd4u+cIUJz/FgC61Mr/swStI3xAvsYai9Fh22kU+VVAn7ihoZk8h9pQhDfA==
  dependencies:
    postcss-value-parser "^4.2.0"

postcss-preset-env@^7.1.0:
  version "7.1.0"
  resolved "https://registry.yarnpkg.com/postcss-preset-env/-/postcss-preset-env-7.1.0.tgz#bb91486e15aa30307292acfcea07e871f30714d5"
  integrity sha512-YZI44uxVJQQu18TeHEoDtdLsjKLQpCpzt/4FAzadIcnNYwvKSQqvxaHE6uWobEWQrcfU42zIddMPUKgYQxZs8g==
  dependencies:
    autoprefixer "^10.4.0"
    browserslist "^4.19.1"
    caniuse-lite "^1.0.30001291"
    css-blank-pseudo "^3.0.0"
    css-has-pseudo "^3.0.0"
    css-prefers-color-scheme "^6.0.0"
    cssdb "^5.0.0"
    postcss-attribute-case-insensitive "^5.0.0"
    postcss-color-functional-notation "^4.1.0"
    postcss-color-hex-alpha "^8.0.1"
    postcss-color-rebeccapurple "^7.0.1"
    postcss-custom-media "^8.0.0"
    postcss-custom-properties "^12.0.1"
    postcss-custom-selectors "^6.0.0"
    postcss-dir-pseudo-class "^6.0.1"
    postcss-double-position-gradients "^3.0.3"
    postcss-env-function "^4.0.3"
    postcss-focus-visible "^6.0.2"
    postcss-focus-within "^5.0.2"
    postcss-font-variant "^5.0.0"
    postcss-gap-properties "^3.0.1"
    postcss-image-set-function "^4.0.3"
    postcss-initial "^4.0.1"
    postcss-lab-function "^4.0.2"
    postcss-logical "^5.0.1"
    postcss-media-minmax "^5.0.0"
    postcss-nesting "^10.0.3"
    postcss-overflow-shorthand "^3.0.1"
    postcss-page-break "^3.0.4"
    postcss-place "^7.0.2"
    postcss-pseudo-class-any-link "^7.0.1"
    postcss-replace-overflow-wrap "^4.0.0"
    postcss-selector-not "^5.0.0"

postcss-pseudo-class-any-link@^7.0.1:
  version "7.0.1"
  resolved "https://registry.yarnpkg.com/postcss-pseudo-class-any-link/-/postcss-pseudo-class-any-link-7.0.1.tgz#9b7b3572b78b0d6e2016bcc8762b254e341ebdde"
  integrity sha512-Zt+VMw9qX7Um/cYOaywOQvXipDw/U3U83L6MFHocbjVIhLd+x5G4SSDmKm8sW2/HlaTno2Cazub8USrDvJ4DLA==
  dependencies:
    postcss-selector-parser "^6.0.7"

postcss-replace-overflow-wrap@^4.0.0:
  version "4.0.0"
  resolved "https://registry.yarnpkg.com/postcss-replace-overflow-wrap/-/postcss-replace-overflow-wrap-4.0.0.tgz#d2df6bed10b477bf9c52fab28c568b4b29ca4319"
  integrity sha512-KmF7SBPphT4gPPcKZc7aDkweHiKEEO8cla/GjcBK+ckKxiZslIu3C4GCRW3DNfL0o7yW7kMQu9xlZ1kXRXLXtw==

postcss-selector-not@^5.0.0:
  version "5.0.0"
  resolved "https://registry.yarnpkg.com/postcss-selector-not/-/postcss-selector-not-5.0.0.tgz#ac5fc506f7565dd872f82f5314c0f81a05630dc7"
  integrity sha512-/2K3A4TCP9orP4TNS7u3tGdRFVKqz/E6pX3aGnriPG0jU78of8wsUcqE4QAhWEU0d+WnMSF93Ah3F//vUtK+iQ==
  dependencies:
    balanced-match "^1.0.0"

postcss-selector-parser@^6.0.2, postcss-selector-parser@^6.0.4, postcss-selector-parser@^6.0.7:
  version "6.0.8"
  resolved "https://registry.yarnpkg.com/postcss-selector-parser/-/postcss-selector-parser-6.0.8.tgz#f023ed7a9ea736cd7ef70342996e8e78645a7914"
  integrity sha512-D5PG53d209Z1Uhcc0qAZ5U3t5HagH3cxu+WLZ22jt3gLUpXM4eXXfiO14jiDWST3NNooX/E8wISfOhZ9eIjGTQ==
  dependencies:
    cssesc "^3.0.0"
    util-deprecate "^1.0.2"

postcss-value-parser@^4.0.0, postcss-value-parser@^4.1.0, postcss-value-parser@^4.2.0:
  version "4.2.0"
  resolved "https://registry.yarnpkg.com/postcss-value-parser/-/postcss-value-parser-4.2.0.tgz#723c09920836ba6d3e5af019f92bc0971c02e514"
  integrity sha512-1NNCs6uurfkVbeXG4S8JFT9t19m45ICnif8zWLd5oPSZ50QnwMfK+H3jv408d4jw/7Bttv5axS5IiHoLaVNHeQ==

postcss@^8.4.5:
  version "8.4.5"
  resolved "https://registry.yarnpkg.com/postcss/-/postcss-8.4.5.tgz#bae665764dfd4c6fcc24dc0fdf7e7aa00cc77f95"
  integrity sha512-jBDboWM8qpaqwkMwItqTQTiFikhs/67OYVvblFFTM7MrZjt6yMKd6r2kgXizEbTTljacm4NldIlZnhbjr84QYg==
  dependencies:
    nanoid "^3.1.30"
    picocolors "^1.0.0"
    source-map-js "^1.0.1"

read-cache@^1.0.0:
  version "1.0.0"
  resolved "https://registry.yarnpkg.com/read-cache/-/read-cache-1.0.0.tgz#e664ef31161166c9751cdbe8dbcf86b5fb58f774"
  integrity sha1-5mTvMRYRZsl1HNvo28+GtftY93Q=
  dependencies:
    pify "^2.3.0"

resolve@^1.1.7, resolve@^1.20.0:
  version "1.20.0"
  resolved "https://registry.yarnpkg.com/resolve/-/resolve-1.20.0.tgz#629a013fb3f70755d6f0b7935cc1c2c5378b1975"
  integrity sha512-wENBPt4ySzg4ybFQW2TT1zMQucPK95HSh/nq2CFTZVOGut2+pQvSsgtda4d26YrYcr067wjbmzOG8byDPBX63A==
  dependencies:
    is-core-module "^2.2.0"
    path-parse "^1.0.6"

rollup@^2.59.0:
  version "2.62.0"
  resolved "https://registry.yarnpkg.com/rollup/-/rollup-2.62.0.tgz#9e640b419fc5b9e0241844f6d55258bd79986ecc"
  integrity sha512-cJEQq2gwB0GWMD3rYImefQTSjrPYaC6s4J9pYqnstVLJ1CHa/aZNVkD4Epuvg4iLeMA4KRiq7UM7awKK6j7jcw==
  optionalDependencies:
    fsevents "~2.3.2"

source-map-js@^1.0.1:
  version "1.0.1"
  resolved "https://registry.yarnpkg.com/source-map-js/-/source-map-js-1.0.1.tgz#a1741c131e3c77d048252adfa24e23b908670caf"
  integrity sha512-4+TN2b3tqOCd/kaGRJ/sTYA0tR0mdXx26ipdolxcwtJVqEnqNYvlCAt1q3ypy4QMlYus+Zh34RNtYLoq2oQ4IA==

stats.js@^0.17.0:
  version "0.17.0"
  resolved "https://registry.yarnpkg.com/stats.js/-/stats.js-0.17.0.tgz#b1c3dc46d94498b578b7fd3985b81ace7131cc7d"
  integrity sha1-scPcRtlEmLV4t/05hbgaznExzH0=

three@0.135.0:
  version "0.135.0"
  resolved "https://registry.yarnpkg.com/three/-/three-0.135.0.tgz#cff4ec8edd3c51ce9bc7e88d13e8eafed4d0ddfc"
  integrity sha512-kuEpuuxRzLv0MDsXai9huCxOSQPZ4vje6y0gn80SRmQvgz6/+rI0NAvCRAw56zYaWKMGMfqKWsxF9Qa2Z9xymQ==

util-deprecate@^1.0.2:
  version "1.0.2"
  resolved "https://registry.yarnpkg.com/util-deprecate/-/util-deprecate-1.0.2.tgz#450d4dc9fa70de732762fbd2d4a28981419a0ccf"
  integrity sha1-RQ1Nyfpw3nMnYvvS1KKJgUGaDM8=

vite@^2.7.2:
  version "2.7.7"
  resolved "https://registry.yarnpkg.com/vite/-/vite-2.7.7.tgz#f2f1af5f9fc409053130261416000447347bc203"
  integrity sha512-Nm4ingl//gMSj/p1aCBHuTc5Fd8W8Mwdci/HUvqCVq8xaJqF7z08S/LRq1M9kS0jRfJk1/f/CwUyQAr6YgsOLw==
  dependencies:
    esbuild "^0.13.12"
    postcss "^8.4.5"
    resolve "^1.20.0"
    rollup "^2.59.0"
  optionalDependencies:
    fsevents "~2.3.2"
